
Microsoft Visual Studio Solution File, Format Version 12.00
# Visual Studio Version 17
VisualStudioVersion = 17.14.36414.22 d17.14
MinimumVisualStudioVersion = 10.0.40219.1
Project("{FAE04EC0-301F-11D3-BF4B-00C04F79EFBC}") = "Lab1_HW_Zorin-ISP-232", "Lab1_HW_Zorin-ISP-232\Lab1_HW_Zorin-ISP-232.csproj", "{58A518D5-9CF8-4CB8-9FEE-11A2BCFA4C31}"
EndProject
Global
	GlobalSection(SolutionConfigurationPlatforms) = preSolution
		Debug|Any CPU = Debug|Any CPU
		Release|Any CPU = Release|Any CPU
	EndGlobalSection
	GlobalSection(ProjectConfigurationPlatforms) = postSolution
		{58A518D5-9CF8-4CB8-9FEE-11A2BCFA4C31}.Debug|Any CPU.ActiveCfg = Debug|Any CPU
		{58A518D5-9CF8-4CB8-9FEE-11A2BCFA4C31}.Debug|Any CPU.Build.0 = Debug|Any CPU
		{58A518D5-9CF8-4CB8-9FEE-11A2BCFA4C31}.Release|Any CPU.ActiveCfg = Release|Any CPU
		{58A518D5-9CF8-4CB8-9FEE-11A2BCFA4C31}.Release|Any CPU.Build.0 = Release|Any CPU
	EndGlobalSection
	GlobalSection(SolutionProperties) = preSolution
		HideSolutionNode = FALSE
	EndGlobalSection
	GlobalSection(ExtensibilityGlobals) = postSolution
		SolutionGuid = {7C7E396D-A592-4711-B3CC-CA74C9DF778F}
	EndGlobalSection
EndGlobal
